
Microsoft Visual Studio Solution File, Format Version 12.00
Project("{FAE04EC0-301F-11D3-BF4B-00C04F79EFBC}") = "API", "API\API.csproj", "{5735C28D-AAD4-436D-9659-821A3215863B}"
EndProject
Project("{FAE04EC0-301F-11D3-BF4B-00C04F79EFBC}") = "Api.Tests", "Api.Tests\Api.Tests.csproj", "{95C2E507-B71F-4502-B852-0F0202A7D1ED}"
EndProject
Global
	GlobalSection(SolutionConfigurationPlatforms) = preSolution
		Debug|Any CPU = Debug|Any CPU
		Release|Any CPU = Release|Any CPU
	EndGlobalSection
	GlobalSection(ProjectConfigurationPlatforms) = postSolution
		{5735C28D-AAD4-436D-9659-821A3215863B}.Debug|Any CPU.ActiveCfg = Debug|Any CPU
		{5735C28D-AAD4-436D-9659-821A3215863B}.Debug|Any CPU.Build.0 = Debug|Any CPU
		{5735C28D-AAD4-436D-9659-821A3215863B}.Release|Any CPU.ActiveCfg = Release|Any CPU
		{5735C28D-AAD4-436D-9659-821A3215863B}.Release|Any CPU.Build.0 = Release|Any CPU
		{95C2E507-B71F-4502-B852-0F0202A7D1ED}.Debug|Any CPU.ActiveCfg = Debug|Any CPU
		{95C2E507-B71F-4502-B852-0F0202A7D1ED}.Debug|Any CPU.Build.0 = Debug|Any CPU
		{95C2E507-B71F-4502-B852-0F0202A7D1ED}.Release|Any CPU.ActiveCfg = Release|Any CPU
		{95C2E507-B71F-4502-B852-0F0202A7D1ED}.Release|Any CPU.Build.0 = Release|Any CPU
	EndGlobalSection
EndGlobal
